// !$*UTF8*$!
{
	archiveVersion = 1;
	classes = {
	};
	objectVersion = 50;
	objects = {

/* Begin PBXBuildFile section */
		8630C5F725F7AF170053246D /* AppDelegate.swift in Sources */ = {isa = PBXBuildFile; fileRef = 8630C5F625F7AF170053246D /* AppDelegate.swift */; };
		8630C5F925F7AF170053246D /* SceneDelegate.swift in Sources */ = {isa = PBXBuildFile; fileRef = 8630C5F825F7AF170053246D /* SceneDelegate.swift */; };
		8630C5FB25F7AF170053246D /* ViewController.swift in Sources */ = {isa = PBXBuildFile; fileRef = 8630C5FA25F7AF170053246D /* ViewController.swift */; };
		8630C5FE25F7AF170053246D /* Main.storyboard in Resources */ = {isa = PBXBuildFile; fileRef = 8630C5FC25F7AF170053246D /* Main.storyboard */; };
		8630C60025F7AF190053246D /* Assets.xcassets in Resources */ = {isa = PBXBuildFile; fileRef = 8630C5FF25F7AF190053246D /* Assets.xcassets */; };
		8630C60325F7AF190053246D /* LaunchScreen.storyboard in Resources */ = {isa = PBXBuildFile; fileRef = 8630C60125F7AF190053246D /* LaunchScreen.storyboard */; };
		8630C60E25F7AF1A0053246D /* BoyFriendTypeTests.swift in Sources */ = {isa = PBXBuildFile; fileRef = 8630C60D25F7AF1A0053246D /* BoyFriendTypeTests.swift */; };
		8630C61925F7AF1A0053246D /* BoyFriendTypeUITests.swift in Sources */ = {isa = PBXBuildFile; fileRef = 8630C61825F7AF1A0053246D /* BoyFriendTypeUITests.swift */; };
		8630C63225F90D0A0053246D /* SecondViewController.swift in Sources */ = {isa = PBXBuildFile; fileRef = 8630C63125F90D0A0053246D /* SecondViewController.swift */; };
/* End PBXBuildFile section */

/* Begin PBXContainerItemProxy section */
		8630C60A25F7AF1A0053246D /* PBXContainerItemProxy */ = {
			isa = PBXContainerItemProxy;
			containerPortal = 8630C5EB25F7AF170053246D /* Project object */;
			proxyType = 1;
			remoteGlobalIDString = 8630C5F225F7AF170053246D;
			remoteInfo = BoyFriendType;
		};
		8630C61525F7AF1A0053246D /* PBXContainerItemProxy */ = {
			isa = PBXContainerItemProxy;
			containerPortal = 8630C5EB25F7AF170053246D /* Project object */;
			proxyType = 1;
			remoteGlobalIDString = 8630C5F225F7AF170053246D;
			remoteInfo = BoyFriendType;
		};
/* End PBXContainerItemProxy section */

/* Begin PBXFileReference section */
		8630C5F325F7AF170053246D /* BoyFriendType.app */ = {isa = PBXFileReference; explicitFileType = wrapper.application; includeInIndex = 0; path = BoyFriendType.app; sourceTree = BUILT_PRODUCTS_DIR; };
		8630C5F625F7AF170053246D /* AppDelegate.swift */ = {isa = PBXFileReference; lastKnownFileType = sourcecode.swift; path = AppDelegate.swift; sourceTree = "<group>"; };
		8630C5F825F7AF170053246D /* SceneDelegate.swift */ = {isa = PBXFileReference; lastKnownFileType = sourcecode.swift; path = SceneDelegate.swift; sourceTree = "<group>"; };
		8630C5FA25F7AF170053246D /* ViewController.swift */ = {isa = PBXFileReference; lastKnownFileType = sourcecode.swift; path = ViewController.swift; sourceTree = "<group>"; };
		8630C5FD25F7AF170053246D /* Base */ = {isa = PBXFileReference; lastKnownFileType = file.storyboard; name = Base; path = Base.lproj/Main.storyboard; sourceTree = "<group>"; };
		8630C5FF25F7AF190053246D /* Assets.xcassets */ = {isa = PBXFileReference; lastKnownFileType = folder.assetcatalog; path = Assets.xcassets; sourceTree = "<group>"; };
		8630C60225F7AF190053246D /* Base */ = {isa = PBXFileReference; lastKnownFileType = file.storyboard; name = Base; path = Base.lproj/LaunchScreen.storyboard; sourceTree = "<group>"; };
		8630C60425F7AF190053246D /* Info.plist */ = {isa = PBXFileReference; lastKnownFileType = text.plist.xml; path = Info.plist; sourceTree = "<group>"; };
		8630C60925F7AF1A0053246D /* BoyFriendTypeTests.xctest */ = {isa = PBXFileReference; explicitFileType = wrapper.cfbundle; includeInIndex = 0; path = BoyFriendTypeTests.xctest; sourceTree = BUILT_PRODUCTS_DIR; };
		8630C60D25F7AF1A0053246D /* BoyFriendTypeTests.swift */ = {isa = PBXFileReference; lastKnownFileType = sourcecode.swift; path = BoyFriendTypeTests.swift; sourceTree = "<group>"; };
		8630C60F25F7AF1A0053246D /* Info.plist */ = {isa = PBXFileReference; lastKnownFileType = text.plist.xml; path = Info.plist; sourceTree = "<group>"; };
		8630C61425F7AF1A0053246D /* BoyFriendTypeUITests.xctest */ = {isa = PBXFileReference; explicitFileType = wrapper.cfbundle; includeInIndex = 0; path = BoyFriendTypeUITests.xctest; sourceTree = BUILT_PRODUCTS_DIR; };
		8630C61825F7AF1A0053246D /* BoyFriendTypeUITests.swift */ = {isa = PBXFileReference; lastKnownFileType = sourcecode.swift; path = BoyFriendTypeUITests.swift; sourceTree = "<group>"; };
		8630C61A25F7AF1A0053246D /* Info.plist */ = {isa = PBXFileReference; lastKnownFileType = text.plist.xml; path = Info.plist; sourceTree = "<group>"; };
		8630C63125F90D0A0053246D /* SecondViewController.swift */ = {isa = PBXFileReference; lastKnownFileType = sourcecode.swift; path = SecondViewController.swift; sourceTree = "<group>"; };
/* End PBXFileReference section */

/* Begin PBXFrameworksBuildPhase section */
		8630C5F025F7AF170053246D /* Frameworks */ = {
			isa = PBXFrameworksBuildPhase;
			buildActionMask = 2147483647;
			files = (
			);
			runOnlyForDeploymentPostprocessing = 0;
		};
		8630C60625F7AF1A0053246D /* Frameworks */ = {
			isa = PBXFrameworksBuildPhase;
			buildActionMask = 2147483647;
			files = (
			);
			runOnlyForDeploymentPostprocessing = 0;
		};
		8630C61125F7AF1A0053246D /* Frameworks */ = {
			isa = PBXFrameworksBuildPhase;
			buildActionMask = 2147483647;
			files = (
			);
			runOnlyForDeploymentPostprocessing = 0;
		};
/* End PBXFrameworksBuildPhase section */

/* Begin PBXGroup section */
		8630C5EA25F7AF170053246D = {
			isa = PBXGroup;
			children = (
				8630C5F525F7AF170053246D /* BoyFriendType */,
				8630C60C25F7AF1A0053246D /* BoyFriendTypeTests */,
				8630C61725F7AF1A0053246D /* BoyFriendTypeUITests */,
				8630C5F425F7AF170053246D /* Products */,
			);
			sourceTree = "<group>";
		};
		8630C5F425F7AF170053246D /* Products */ = {
			isa = PBXGroup;
			children = (
				8630C5F325F7AF170053246D /* BoyFriendType.app */,
				8630C60925F7AF1A0053246D /* BoyFriendTypeTests.xctest */,
				8630C61425F7AF1A0053246D /* BoyFriendTypeUITests.xctest */,
			);
			name = Products;
			sourceTree = "<group>";
		};
		8630C5F525F7AF170053246D /* BoyFriendType */ = {
			isa = PBXGroup;
			children = (
				8630C5F625F7AF170053246D /* AppDelegate.swift */,
				8630C5F825F7AF170053246D /* SceneDelegate.swift */,
				8630C5FA25F7AF170053246D /* ViewController.swift */,
				8630C63125F90D0A0053246D /* SecondViewController.swift */,
				8630C5FC25F7AF170053246D /* Main.storyboard */,
				8630C5FF25F7AF190053246D /* Assets.xcassets */,
				8630C60125F7AF190053246D /* LaunchScreen.storyboard */,
				8630C60425F7AF190053246D /* Info.plist */,
			);
			path = BoyFriendType;
			sourceTree = "<group>";
		};
		8630C60C25F7AF1A0053246D /* BoyFriendTypeTests */ = {
			isa = PBXGroup;
			children = (
				8630C60D25F7AF1A0053246D /* BoyFriendTypeTests.swift */,
				8630C60F25F7AF1A0053246D /* Info.plist */,
			);
			path = BoyFriendTypeTests;
			sourceTree = "<group>";
		};
		8630C61725F7AF1A0053246D /* BoyFriendTypeUITests */ = {
			isa = PBXGroup;
			children = (
				8630C61825F7AF1A0053246D /* BoyFriendTypeUITests.swift */,
				8630C61A25F7AF1A0053246D /* Info.plist */,
			);
			path = BoyFriendTypeUITests;
			sourceTree = "<group>";
		};
/* End PBXGroup section */

/* Begin PBXNativeTarget section */
		8630C5F225F7AF170053246D /* BoyFriendType */ = {
			isa = PBXNativeTarget;
			buildConfigurationList = 8630C61D25F7AF1A0053246D /* Build configuration list for PBXNativeTarget "BoyFriendType" */;
			buildPhases = (
				8630C5EF25F7AF170053246D /* Sources */,
				8630C5F025F7AF170053246D /* Frameworks */,
				8630C5F125F7AF170053246D /* Resources */,
			);
			buildRules = (
			);
			dependencies = (
			);
			name = BoyFriendType;
			productName = BoyFriendType;
			productReference = 8630C5F325F7AF170053246D /* BoyFriendType.app */;
			productType = "com.apple.product-type.application";
		};
		8630C60825F7AF1A0053246D /* BoyFriendTypeTests */ = {
			isa = PBXNativeTarget;
			buildConfigurationList = 8630C62025F7AF1A0053246D /* Build configuration list for PBXNativeTarget "BoyFriendTypeTests" */;
			buildPhases = (
				8630C60525F7AF1A0053246D /* Sources */,
				8630C60625F7AF1A0053246D /* Frameworks */,
				8630C60725F7AF1A0053246D /* Resources */,
			);
			buildRules = (
			);
			dependencies = (
				8630C60B25F7AF1A0053246D /* PBXTargetDependency */,
			);
			name = BoyFriendTypeTests;
			productName = BoyFriendTypeTests;
			productReference = 8630C60925F7AF1A0053246D /* BoyFriendTypeTests.xctest */;
			productType = "com.apple.product-type.bundle.unit-test";
		};
		8630C61325F7AF1A0053246D /* BoyFriendTypeUITests */ = {
			isa = PBXNativeTarget;
			buildConfigurationList = 8630C62325F7AF1A0053246D /* Build configuration list for PBXNativeTarget "BoyFriendTypeUITests" */;
			buildPhases = (
				8630C61025F7AF1A0053246D /* Sources */,
				8630C61125F7AF1A0053246D /* Frameworks */,
				8630C61225F7AF1A0053246D /* Resources */,
			);
			buildRules = (
			);
			dependencies = (
				8630C61625F7AF1A0053246D /* PBXTargetDependency */,
			);
			name = BoyFriendTypeUITests;
			productName = BoyFriendTypeUITests;
			productReference = 8630C61425F7AF1A0053246D /* BoyFriendTypeUITests.xctest */;
			productType = "com.apple.product-type.bundle.ui-testing";
		};
/* End PBXNativeTarget section */

/* Begin PBXProject section */
		8630C5EB25F7AF170053246D /* Project object */ = {
			isa = PBXProject;
			attributes = {
				LastSwiftUpdateCheck = 1210;
				LastUpgradeCheck = 1210;
				TargetAttributes = {
					8630C5F225F7AF170053246D = {
						CreatedOnToolsVersion = 12.1;
					};
					8630C60825F7AF1A0053246D = {
						CreatedOnToolsVersion = 12.1;
						TestTargetID = 8630C5F225F7AF170053246D;
					};
					8630C61325F7AF1A0053246D = {
						CreatedOnToolsVersion = 12.1;
						TestTargetID = 8630C5F225F7AF170053246D;
					};
				};
			};
			buildConfigurationList = 8630C5EE25F7AF170053246D /* Build configuration list for PBXProject "BoyFriendType" */;
			compatibilityVersion = "Xcode 9.3";
			developmentRegion = en;
			hasScannedForEncodings = 0;
			knownRegions = (
				en,
				Base,
			);
			mainGroup = 8630C5EA25F7AF170053246D;
			productRefGroup = 8630C5F425F7AF170053246D /* Products */;
			projectDirPath = "";
			projectRoot = "";
			targets = (
				8630C5F225F7AF170053246D /* BoyFriendType */,
				8630C60825F7AF1A0053246D /* BoyFriendTypeTests */,
				8630C61325F7AF1A0053246D /* BoyFriendTypeUITests */,
			);
		};
/* End PBXProject section */

/* Begin PBXResourcesBuildPhase section */
		8630C5F125F7AF170053246D /* Resources */ = {
			isa = PBXResourcesBuildPhase;
			buildActionMask = 2147483647;
			files = (
				8630C60325F7AF190053246D /* LaunchScreen.storyboard in Resources */,
				8630C60025F7AF190053246D /* Assets.xcassets in Resources */,
				8630C5FE25F7AF170053246D /* Main.storyboard in Resources */,
			);
			runOnlyForDeploymentPostprocessing = 0;
		};
		8630C60725F7AF1A0053246D /* Resources */ = {
			isa = PBXResourcesBuildPhase;
			buildActionMask = 2147483647;
			files = (
			);
			runOnlyForDeploymentPostprocessing = 0;
		};
		8630C61225F7AF1A0053246D /* Resources */ = {
			isa = PBXResourcesBuildPhase;
			buildActionMask = 2147483647;
			files = (
			);
			runOnlyForDeploymentPostprocessing = 0;
		};
/* End PBXResourcesBuildPhase section */

/* Begin PBXSourcesBuildPhase section */
		8630C5EF25F7AF170053246D /* Sources */ = {
			isa = PBXSourcesBuildPhase;
			buildActionMask = 2147483647;
			files = (
				8630C63225F90D0A0053246D /* SecondViewController.swift in Sources */,
				8630C5FB25F7AF170053246D /* ViewController.swift in Sources */,
				8630C5F725F7AF170053246D /* AppDelegate.swift in Sources */,
				8630C5F925F7AF170053246D /* SceneDelegate.swift in Sources */,
			);
			runOnlyForDeploymentPostprocessing = 0;
		};
		8630C60525F7AF1A0053246D /* Sources */ = {
			isa = PBXSourcesBuildPhase;
			buildActionMask = 2147483647;
			files = (
				8630C60E25F7AF1A0053246D /* BoyFriendTypeTests.swift in Sources */,
			);
			runOnlyForDeploymentPostprocessing = 0;
		};
		8630C61025F7AF1A0053246D /* Sources */ = {
			isa = PBXSourcesBuildPhase;
			buildActionMask = 2147483647;
			files = (
				8630C61925F7AF1A0053246D /* BoyFriendTypeUITests.swift in Sources */,
			);
			runOnlyForDeploymentPostprocessing = 0;
		};
/* End PBXSourcesBuildPhase section */

/* Begin PBXTargetDependency section */
		8630C60B25F7AF1A0053246D /* PBXTargetDependency */ = {
			isa = PBXTargetDependency;
			target = 8630C5F225F7AF170053246D /* BoyFriendType */;
			targetProxy = 8630C60A25F7AF1A0053246D /* PBXContainerItemProxy */;
		};
		8630C61625F7AF1A0053246D /* PBXTargetDependency */ = {
			isa = PBXTargetDependency;
			target = 8630C5F225F7AF170053246D /* BoyFriendType */;
			targetProxy = 8630C61525F7AF1A0053246D /* PBXContainerItemProxy */;
		};
/* End PBXTargetDependency section */

/* Begin PBXVariantGroup section */
		8630C5FC25F7AF170053246D /* Main.storyboard */ = {
			isa = PBXVariantGroup;
			children = (
				8630C5FD25F7AF170053246D /* Base */,
			);
			name = Main.storyboard;
			sourceTree = "<group>";
		};
		8630C60125F7AF190053246D /* LaunchScreen.storyboard */ = {
			isa = PBXVariantGroup;
			children = (
				8630C60225F7AF190053246D /* Base */,
			);
			name = LaunchScreen.storyboard;
			sourceTree = "<group>";
		};
/* End PBXVariantGroup section */

/* Begin XCBuildConfiguration section */
		8630C61B25F7AF1A0053246D /* Debug */ = {
			isa = XCBuildConfiguration;
			buildSettings = {
				ALWAYS_SEARCH_USER_PATHS = NO;
				CLANG_ANALYZER_NONNULL = YES;
				CLANG_ANALYZER_NUMBER_OBJECT_CONVERSION = YES_AGGRESSIVE;
				CLANG_CXX_LANGUAGE_STANDARD = "gnu++14";
				CLANG_CXX_LIBRARY = "libc++";
				CLANG_ENABLE_MODULES = YES;
				CLANG_ENABLE_OBJC_ARC = YES;
				CLANG_ENABLE_OBJC_WEAK = YES;
				CLANG_WARN_BLOCK_CAPTURE_AUTORELEASING = YES;
				CLANG_WARN_BOOL_CONVERSION = YES;
				CLANG_WARN_COMMA = YES;
				CLANG_WARN_CONSTANT_CONVERSION = YES;
				CLANG_WARN_DEPRECATED_OBJC_IMPLEMENTATIONS = YES;
				CLANG_WARN_DIRECT_OBJC_ISA_USAGE = YES_ERROR;
				CLANG_WARN_DOCUMENTATION_COMMENTS = YES;
				CLANG_WARN_EMPTY_BODY = YES;
				CLANG_WARN_ENUM_CONVERSION = YES;
				CLANG_WARN_INFINITE_RECURSION = YES;
				CLANG_WARN_INT_CONVERSION = YES;
				CLANG_WARN_NON_LITERAL_NULL_CONVERSION = YES;
				CLANG_WARN_OBJC_IMPLICIT_RETAIN_SELF = YES;
				CLANG_WARN_OBJC_LITERAL_CONVERSION = YES;
				CLANG_WARN_OBJC_ROOT_CLASS = YES_ERROR;
				CLANG_WARN_QUOTED_INCLUDE_IN_FRAMEWORK_HEADER = YES;
				CLANG_WARN_RANGE_LOOP_ANALYSIS = YES;
				CLANG_WARN_STRICT_PROTOTYPES = YES;
				CLANG_WARN_SUSPICIOUS_MOVE = YES;
				CLANG_WARN_UNGUARDED_AVAILABILITY = YES_AGGRESSIVE;
				CLANG_WARN_UNREACHABLE_CODE = YES;
				CLANG_WARN__DUPLICATE_METHOD_MATCH = YES;
				COPY_PHASE_STRIP = NO;
				DEBUG_INFORMATION_FORMAT = dwarf;
				ENABLE_STRICT_OBJC_MSGSEND = YES;
				ENABLE_TESTABILITY = YES;
				GCC_C_LANGUAGE_STANDARD = gnu11;
				GCC_DYNAMIC_NO_PIC = NO;
				GCC_NO_COMMON_BLOCKS = YES;
				GCC_OPTIMIZATION_LEVEL = 0;
				GCC_PREPROCESSOR_DEFINITIONS = (
					"DEBUG=1",
					"$(inherited)",
				);
				GCC_WARN_64_TO_32_BIT_CONVERSION = YES;
				GCC_WARN_ABOUT_RETURN_TYPE = YES_ERROR;
				GCC_WARN_UNDECLARED_SELECTOR = YES;
				GCC_WARN_UNINITIALIZED_AUTOS = YES_AGGRESSIVE;
				GCC_WARN_UNUSED_FUNCTION = YES;
				GCC_WARN_UNUSED_VARIABLE = YES;
				IPHONEOS_DEPLOYMENT_TARGET = 14.1;
				MTL_ENABLE_DEBUG_INFO = INCLUDE_SOURCE;
				MTL_FAST_MATH = YES;
				ONLY_ACTIVE_ARCH = YES;
				SDKROOT = iphoneos;
				SWIFT_ACTIVE_COMPILATION_CONDITIONS = DEBUG;
				SWIFT_OPTIMIZATION_LEVEL = "-Onone";
			};
			name = Debug;
		};
		8630C61C25F7AF1A0053246D /* Release */ = {
			isa = XCBuildConfiguration;
			buildSettings = {
				ALWAYS_SEARCH_USER_PATHS = NO;
				CLANG_ANALYZER_NONNULL = YES;
				CLANG_ANALYZER_NUMBER_OBJECT_CONVERSION = YES_AGGRESSIVE;
				CLANG_CXX_LANGUAGE_STANDARD = "gnu++14";
				CLANG_CXX_LIBRARY = "libc++";
				CLANG_ENABLE_MODULES = YES;
				CLANG_ENABLE_OBJC_ARC = YES;
				CLANG_ENABLE_OBJC_WEAK = YES;
				CLANG_WARN_BLOCK_CAPTURE_AUTORELEASING = YES;
				CLANG_WARN_BOOL_CONVERSION = YES;
				CLANG_WARN_COMMA = YES;
				CLANG_WARN_CONSTANT_CONVERSION = YES;
				CLANG_WARN_DEPRECATED_OBJC_IMPLEMENTATIONS = YES;
				CLANG_WARN_DIRECT_OBJC_ISA_USAGE = YES_ERROR;
				CLANG_WARN_DOCUMENTATION_COMMENTS = YES;
				CLANG_WARN_EMPTY_BODY = YES;
				CLANG_WARN_ENUM_CONVERSION = YES;
				CLANG_WARN_INFINITE_RECURSION = YES;
				CLANG_WARN_INT_CONVERSION = YES;
				CLANG_WARN_NON_LITERAL_NULL_CONVERSION = YES;
				CLANG_WARN_OBJC_IMPLICIT_RETAIN_SELF = YES;
				CLANG_WARN_OBJC_LITERAL_CONVERSION = YES;
				CLANG_WARN_OBJC_ROOT_CLASS = YES_ERROR;
				CLANG_WARN_QUOTED_INCLUDE_IN_FRAMEWORK_HEADER = YES;
				CLANG_WARN_RANGE_LOOP_ANALYSIS = YES;
				CLANG_WARN_STRICT_PROTOTYPES = YES;
				CLANG_WARN_SUSPICIOUS_MOVE = YES;
				CLANG_WARN_UNGUARDED_AVAILABILITY = YES_AGGRESSIVE;
				CLANG_WARN_UNREACHABLE_CODE = YES;
				CLANG_WARN__DUPLICATE_METHOD_MATCH = YES;
				COPY_PHASE_STRIP = NO;
				DEBUG_INFORMATION_FORMAT = "dwarf-with-dsym";
				ENABLE_NS_ASSERTIONS = NO;
				ENABLE_STRICT_OBJC_MSGSEND = YES;
				GCC_C_LANGUAGE_STANDARD = gnu11;
				GCC_NO_COMMON_BLOCKS = YES;
				GCC_WARN_64_TO_32_BIT_CONVERSION = YES;
				GCC_WARN_ABOUT_RETURN_TYPE = YES_ERROR;
				GCC_WARN_UNDECLARED_SELECTOR = YES;
				GCC_WARN_UNINITIALIZED_AUTOS = YES_AGGRESSIVE;
				GCC_WARN_UNUSED_FUNCTION = YES;
				GCC_WARN_UNUSED_VARIABLE = YES;
				IPHONEOS_DEPLOYMENT_TARGET = 14.1;
				MTL_ENABLE_DEBUG_INFO = NO;
				MTL_FAST_MATH = YES;
				SDKROOT = iphoneos;
				SWIFT_COMPILATION_MODE = wholemodule;
				SWIFT_OPTIMIZATION_LEVEL = "-O";
				VALIDATE_PRODUCT = YES;
			};
			name = Release;
		};
		8630C61E25F7AF1A0053246D /* Debug */ = {
			isa = XCBuildConfiguration;
			buildSettings = {
				ASSETCATALOG_COMPILER_APPICON_NAME = AppIcon;
				ASSETCATALOG_COMPILER_GLOBAL_ACCENT_COLOR_NAME = AccentColor;
				CODE_SIGN_STYLE = Automatic;
				INFOPLIST_FILE = BoyFriendType/Info.plist;
				LD_RUNPATH_SEARCH_PATHS = (
					"$(inherited)",
					"@executable_path/Frameworks",
				);
				PRODUCT_BUNDLE_IDENTIFIER = Dora0309.BoyFriendType;
				PRODUCT_NAME = "$(TARGET_NAME)";
				SWIFT_VERSION = 5.0;
				TARGETED_DEVICE_FAMILY = "1,2";
			};
			name = Debug;
		};
		8630C61F25F7AF1A0053246D /* Release */ = {
			isa = XCBuildConfiguration;
			buildSettings = {
				ASSETCATALOG_COMPILER_APPICON_NAME = AppIcon;
				ASSETCATALOG_COMPILER_GLOBAL_ACCENT_COLOR_NAME = AccentColor;
				CODE_SIGN_STYLE = Automatic;
				INFOPLIST_FILE = BoyFriendType/Info.plist;
				LD_RUNPATH_SEARCH_PATHS = (
					"$(inherited)",
					"@executable_path/Frameworks",
				);
				PRODUCT_BUNDLE_IDENTIFIER = Dora0309.BoyFriendType;
				PRODUCT_NAME = "$(TARGET_NAME)";
				SWIFT_VERSION = 5.0;
				TARGETED_DEVICE_FAMILY = "1,2";
			};
			name = Release;
		};
		8630C62125F7AF1A0053246D /* Debug */ = {
			isa = XCBuildConfiguration;
			buildSettings = {
				ALWAYS_EMBED_SWIFT_STANDARD_LIBRARIES = YES;
				BUNDLE_LOADER = "$(TEST_HOST)";
				CODE_SIGN_STYLE = Automatic;
				INFOPLIST_FILE = BoyFriendTypeTests/Info.plist;
				IPHONEOS_DEPLOYMENT_TARGET = 14.1;
				LD_RUNPATH_SEARCH_PATHS = (
					"$(inherited)",
					"@executable_path/Frameworks",
					"@loader_path/Frameworks",
				);
				PRODUCT_BUNDLE_IDENTIFIER = Dora0309.BoyFriendTypeTests;
				PRODUCT_NAME = "$(TARGET_NAME)";
				SWIFT_VERSION = 5.0;
				TARGETED_DEVICE_FAMILY = "1,2";
				TEST_HOST = "$(BUILT_PRODUCTS_DIR)/BoyFriendType.app/BoyFriendType";
			};
			name = Debug;
		};
		8630C62225F7AF1A0053246D /* Release */ = {
			isa = XCBuildConfiguration;
			buildSettings = {
				ALWAYS_EMBED_SWIFT_STANDARD_LIBRARIES = YES;
				BUNDLE_LOADER = "$(TEST_HOST)";
				CODE_SIGN_STYLE = Automatic;
				INFOPLIST_FILE = BoyFriendTypeTests/Info.plist;
				IPHONEOS_DEPLOYMENT_TARGET = 14.1;
				LD_RUNPATH_SEARCH_PATHS = (
					"$(inherited)",
					"@executable_path/Frameworks",
					"@loader_path/Frameworks",
				);
				PRODUCT_BUNDLE_IDENTIFIER = Dora0309.BoyFriendTypeTests;
				PRODUCT_NAME = "$(TARGET_NAME)";
				SWIFT_VERSION = 5.0;
				TARGETED_DEVICE_FAMILY = "1,2";
				TEST_HOST = "$(BUILT_PRODUCTS_DIR)/BoyFriendType.app/BoyFriendType";
			};
			name = Release;
		};
		8630C62425F7AF1A0053246D /* Debug */ = {
			isa = XCBuildConfiguration;
			buildSettings = {
				ALWAYS_EMBED_SWIFT_STANDARD_LIBRARIES = YES;
				CODE_SIGN_STYLE = Automatic;
				INFOPLIST_FILE = BoyFriendTypeUITests/Info.plist;
				LD_RUNPATH_SEARCH_PATHS = (
					"$(inherited)",
					"@executable_path/Frameworks",
					"@loader_path/Frameworks",
				);
				PRODUCT_BUNDLE_IDENTIFIER = Dora0309.BoyFriendTypeUITests;
				PRODUCT_NAME = "$(TARGET_NAME)";
				SWIFT_VERSION = 5.0;
				TARGETED_DEVICE_FAMILY = "1,2";
				TEST_TARGET_NAME = BoyFriendType;
			};
			name = Debug;
		};
		8630C62525F7AF1A0053246D /* Release */ = {
			isa = XCBuildConfiguration;
			buildSettings = {
				ALWAYS_EMBED_SWIFT_STANDARD_LIBRARIES = YES;
				CODE_SIGN_STYLE = Automatic;
				INFOPLIST_FILE = BoyFriendTypeUITests/Info.plist;
				LD_RUNPATH_SEARCH_PATHS = (
					"$(inherited)",
					"@executable_path/Frameworks",
					"@loader_path/Frameworks",
				);
				PRODUCT_BUNDLE_IDENTIFIER = Dora0309.BoyFriendTypeUITests;
				PRODUCT_NAME = "$(TARGET_NAME)";
				SWIFT_VERSION = 5.0;
				TARGETED_DEVICE_FAMILY = "1,2";
				TEST_TARGET_NAME = BoyFriendType;
			};
			name = Release;
		};
/* End XCBuildConfiguration section */

/* Begin XCConfigurationList section */
		8630C5EE25F7AF170053246D /* Build configuration list for PBXProject "BoyFriendType" */ = {
			isa = XCConfigurationList;
			buildConfigurations = (
				8630C61B25F7AF1A0053246D /* Debug */,
				8630C61C25F7AF1A0053246D /* Release */,
			);
			defaultConfigurationIsVisible = 0;
			defaultConfigurationName = Release;
		};
		8630C61D25F7AF1A0053246D /* Build configuration list for PBXNativeTarget "BoyFriendType" */ = {
			isa = XCConfigurationList;
			buildConfigurations = (
				8630C61E25F7AF1A0053246D /* Debug */,
				8630C61F25F7AF1A0053246D /* Release */,
			);
			defaultConfigurationIsVisible = 0;
			defaultConfigurationName = Release;
		};
		8630C62025F7AF1A0053246D /* Build configuration list for PBXNativeTarget "BoyFriendTypeTests" */ = {
			isa = XCConfigurationList;
			buildConfigurations = (
				8630C62125F7AF1A0053246D /* Debug */,
				8630C62225F7AF1A0053246D /* Release */,
			);
			defaultConfigurationIsVisible = 0;
			defaultConfigurationName = Release;
		};
		8630C62325F7AF1A0053246D /* Build configuration list for PBXNativeTarget "BoyFriendTypeUITests" */ = {
			isa = XCConfigurationList;
			buildConfigurations = (
				8630C62425F7AF1A0053246D /* Debug */,
				8630C62525F7AF1A0053246D /* Release */,
			);
			defaultConfigurationIsVisible = 0;
			defaultConfigurationName = Release;
		};
/* End XCConfigurationList section */
	};
	rootObject = 8630C5EB25F7AF170053246D /* Project object */;
}
